
Microsoft Visual Studio Solution File, Format Version 12.00
# Visual Studio Version 17
VisualStudioVersion = 17.10.35013.160
MinimumVisualStudioVersion = 10.0.40219.1
Project("{9A19103F-16F7-4668-BE54-9A1E7A4F7556}") = "TicTacToe(Orleans)", "TicTacToe(Orleans)\TicTacToe(Orleans).csproj", "{B8619390-E292-4EA4-A52F-D09634B4FF73}"
EndProject
Global
	GlobalSection(SolutionConfigurationPlatforms) = preSolution
		Debug|Any CPU = Debug|Any CPU
		Release|Any CPU = Release|Any CPU
	EndGlobalSection
	GlobalSection(ProjectConfigurationPlatforms) = postSolution
		{B8619390-E292-4EA4-A52F-D09634B4FF73}.Debug|Any CPU.ActiveCfg = Debug|Any CPU
		{B8619390-E292-4EA4-A52F-D09634B4FF73}.Debug|Any CPU.Build.0 = Debug|Any CPU
		{B8619390-E292-4EA4-A52F-D09634B4FF73}.Release|Any CPU.ActiveCfg = Release|Any CPU
		{B8619390-E292-4EA4-A52F-D09634B4FF73}.Release|Any CPU.Build.0 = Release|Any CPU
	EndGlobalSection
	GlobalSection(SolutionProperties) = preSolution
		HideSolutionNode = FALSE
	EndGlobalSection
	GlobalSection(ExtensibilityGlobals) = postSolution
		SolutionGuid = {DFEF40D3-1CAE-4133-BFD1-381B84ED1DA3}
	EndGlobalSection
EndGlobal
