
Microsoft Visual Studio Solution File, Format Version 12.00
# Visual Studio Version 17
VisualStudioVersion = 17.10.35013.160
MinimumVisualStudioVersion = 10.0.40219.1
Project("{9A19103F-16F7-4668-BE54-9A1E7A4F7556}") = "TicTacToe_Orleans", "TicTacToe_Orleans\TicTacToe_Orleans.csproj", "{19DA13D2-8366-453C-BB77-9096D639D5AF}"
EndProject
Project("{FAE04EC0-301F-11D3-BF4B-00C04F79EFBC}") = "TicTacToe_Orleans.AppHost", "TicTacToe_Orleans.AppHost\TicTacToe_Orleans.AppHost.csproj", "{F276B99D-5C45-4743-9AD9-D14CEF1CBA5C}"
EndProject
Project("{9A19103F-16F7-4668-BE54-9A1E7A4F7556}") = "TicTacToe_Orleans.ServiceDefaults", "TicTacToe_Orleans.ServiceDefaults\TicTacToe_Orleans.ServiceDefaults.csproj", "{650F69FB-EE65-464A-9EB2-DD0F50555EC4}"
EndProject
Global
	GlobalSection(SolutionConfigurationPlatforms) = preSolution
		Debug|Any CPU = Debug|Any CPU
		Debug|x64 = Debug|x64
		Debug|x86 = Debug|x86
		Release|Any CPU = Release|Any CPU
		Release|x64 = Release|x64
		Release|x86 = Release|x86
	EndGlobalSection
	GlobalSection(ProjectConfigurationPlatforms) = postSolution
		{19DA13D2-8366-453C-BB77-9096D639D5AF}.Debug|Any CPU.ActiveCfg = Debug|Any CPU
		{19DA13D2-8366-453C-BB77-9096D639D5AF}.Debug|Any CPU.Build.0 = Debug|Any CPU
		{19DA13D2-8366-453C-BB77-9096D639D5AF}.Debug|x64.ActiveCfg = Debug|Any CPU
		{19DA13D2-8366-453C-BB77-9096D639D5AF}.Debug|x64.Build.0 = Debug|Any CPU
		{19DA13D2-8366-453C-BB77-9096D639D5AF}.Debug|x86.ActiveCfg = Debug|Any CPU
		{19DA13D2-8366-453C-BB77-9096D639D5AF}.Debug|x86.Build.0 = Debug|Any CPU
		{19DA13D2-8366-453C-BB77-9096D639D5AF}.Release|Any CPU.ActiveCfg = Release|Any CPU
		{19DA13D2-8366-453C-BB77-9096D639D5AF}.Release|Any CPU.Build.0 = Release|Any CPU
		{19DA13D2-8366-453C-BB77-9096D639D5AF}.Release|x64.ActiveCfg = Release|Any CPU
		{19DA13D2-8366-453C-BB77-9096D639D5AF}.Release|x64.Build.0 = Release|Any CPU
		{19DA13D2-8366-453C-BB77-9096D639D5AF}.Release|x86.ActiveCfg = Release|Any CPU
		{19DA13D2-8366-453C-BB77-9096D639D5AF}.Release|x86.Build.0 = Release|Any CPU
		{F276B99D-5C45-4743-9AD9-D14CEF1CBA5C}.Debug|Any CPU.ActiveCfg = Debug|Any CPU
		{F276B99D-5C45-4743-9AD9-D14CEF1CBA5C}.Debug|Any CPU.Build.0 = Debug|Any CPU
		{F276B99D-5C45-4743-9AD9-D14CEF1CBA5C}.Debug|x64.ActiveCfg = Debug|Any CPU
		{F276B99D-5C45-4743-9AD9-D14CEF1CBA5C}.Debug|x64.Build.0 = Debug|Any CPU
		{F276B99D-5C45-4743-9AD9-D14CEF1CBA5C}.Debug|x86.ActiveCfg = Debug|Any CPU
		{F276B99D-5C45-4743-9AD9-D14CEF1CBA5C}.Debug|x86.Build.0 = Debug|Any CPU
		{F276B99D-5C45-4743-9AD9-D14CEF1CBA5C}.Release|Any CPU.ActiveCfg = Release|Any CPU
		{F276B99D-5C45-4743-9AD9-D14CEF1CBA5C}.Release|Any CPU.Build.0 = Release|Any CPU
		{F276B99D-5C45-4743-9AD9-D14CEF1CBA5C}.Release|x64.ActiveCfg = Release|Any CPU
		{F276B99D-5C45-4743-9AD9-D14CEF1CBA5C}.Release|x64.Build.0 = Release|Any CPU
		{F276B99D-5C45-4743-9AD9-D14CEF1CBA5C}.Release|x86.ActiveCfg = Release|Any CPU
		{F276B99D-5C45-4743-9AD9-D14CEF1CBA5C}.Release|x86.Build.0 = Release|Any CPU
		{650F69FB-EE65-464A-9EB2-DD0F50555EC4}.Debug|Any CPU.ActiveCfg = Debug|Any CPU
		{650F69FB-EE65-464A-9EB2-DD0F50555EC4}.Debug|Any CPU.Build.0 = Debug|Any CPU
		{650F69FB-EE65-464A-9EB2-DD0F50555EC4}.Debug|x64.ActiveCfg = Debug|Any CPU
		{650F69FB-EE65-464A-9EB2-DD0F50555EC4}.Debug|x64.Build.0 = Debug|Any CPU
		{650F69FB-EE65-464A-9EB2-DD0F50555EC4}.Debug|x86.ActiveCfg = Debug|Any CPU
		{650F69FB-EE65-464A-9EB2-DD0F50555EC4}.Debug|x86.Build.0 = Debug|Any CPU
		{650F69FB-EE65-464A-9EB2-DD0F50555EC4}.Release|Any CPU.ActiveCfg = Release|Any CPU
		{650F69FB-EE65-464A-9EB2-DD0F50555EC4}.Release|Any CPU.Build.0 = Release|Any CPU
		{650F69FB-EE65-464A-9EB2-DD0F50555EC4}.Release|x64.ActiveCfg = Release|Any CPU
		{650F69FB-EE65-464A-9EB2-DD0F50555EC4}.Release|x64.Build.0 = Release|Any CPU
		{650F69FB-EE65-464A-9EB2-DD0F50555EC4}.Release|x86.ActiveCfg = Release|Any CPU
		{650F69FB-EE65-464A-9EB2-DD0F50555EC4}.Release|x86.Build.0 = Release|Any CPU
	EndGlobalSection
	GlobalSection(SolutionProperties) = preSolution
		HideSolutionNode = FALSE
	EndGlobalSection
	GlobalSection(ExtensibilityGlobals) = postSolution
		SolutionGuid = {DFEF40D3-1CAE-4133-BFD1-381B84ED1DA3}
	EndGlobalSection
EndGlobal
